// !$*UTF8*$!
{
	archiveVersion = 1;
	classes = {
	};
	objectVersion = 51;
	objects = {

/* Begin PBXBuildFile section */
		004FCE2E2401D7FA00A5FA27 /* AppDelegate.swift in Sources */ = {isa = PBXBuildFile; fileRef = 004FCE2D2401D7FA00A5FA27 /* AppDelegate.swift */; };
		004FCE302401D7FA00A5FA27 /* SceneDelegate.swift in Sources */ = {isa = PBXBuildFile; fileRef = 004FCE2F2401D7FA00A5FA27 /* SceneDelegate.swift */; };
		004FCE352401D7FA00A5FA27 /* Main.storyboard in Resources */ = {isa = PBXBuildFile; fileRef = 004FCE332401D7FA00A5FA27 /* Main.storyboard */; };
		004FCE382401D7FA00A5FA27 /* Socials.xcdatamodeld in Sources */ = {isa = PBXBuildFile; fileRef = 004FCE362401D7FA00A5FA27 /* Socials.xcdatamodeld */; };
		004FCE3A2401D7FC00A5FA27 /* Assets.xcassets in Resources */ = {isa = PBXBuildFile; fileRef = 004FCE392401D7FC00A5FA27 /* Assets.xcassets */; };
		004FCE3D2401D7FC00A5FA27 /* LaunchScreen.storyboard in Resources */ = {isa = PBXBuildFile; fileRef = 004FCE3B2401D7FC00A5FA27 /* LaunchScreen.storyboard */; };
		00563C702409AD650039CE50 /* SignupViewController.swift in Sources */ = {isa = PBXBuildFile; fileRef = 00563C6F2409AD650039CE50 /* SignupViewController.swift */; };
		00563C722409AD720039CE50 /* FeedViewController.swift in Sources */ = {isa = PBXBuildFile; fileRef = 00563C712409AD720039CE50 /* FeedViewController.swift */; };
		00563C742409AD7A0039CE50 /* DetailViewController.swift in Sources */ = {isa = PBXBuildFile; fileRef = 00563C732409AD7A0039CE50 /* DetailViewController.swift */; };
		00563C762409AD830039CE50 /* NewSocialViewController.swift in Sources */ = {isa = PBXBuildFile; fileRef = 00563C752409AD830039CE50 /* NewSocialViewController.swift */; };
		00563C782409B4490039CE50 /* GoogleService-Info.plist in Resources */ = {isa = PBXBuildFile; fileRef = 00563C772409B4490039CE50 /* GoogleService-Info.plist */; };
		00563C7A2409B7D70039CE50 /* LoginViewController.swift in Sources */ = {isa = PBXBuildFile; fileRef = 00563C792409B7D70039CE50 /* LoginViewController.swift */; };
		00563C802409C5430039CE50 /* FeedCell.swift in Sources */ = {isa = PBXBuildFile; fileRef = 00563C7F2409C5430039CE50 /* FeedCell.swift */; };
		00563C822409C6700039CE50 /* Feed.swift in Sources */ = {isa = PBXBuildFile; fileRef = 00563C812409C6700039CE50 /* Feed.swift */; };
		3E592FCEB7B294B2A31E5B02 /* Pods_Socials.framework in Frameworks */ = {isa = PBXBuildFile; fileRef = CC4BF64DC5158CCE4907C526 /* Pods_Socials.framework */; };
/* End PBXBuildFile section */

/* Begin PBXFileReference section */
		004FCE2A2401D7FA00A5FA27 /* Socials.app */ = {isa = PBXFileReference; explicitFileType = wrapper.application; includeInIndex = 0; path = Socials.app; sourceTree = BUILT_PRODUCTS_DIR; };
		004FCE2D2401D7FA00A5FA27 /* AppDelegate.swift */ = {isa = PBXFileReference; lastKnownFileType = sourcecode.swift; path = AppDelegate.swift; sourceTree = "<group>"; };
		004FCE2F2401D7FA00A5FA27 /* SceneDelegate.swift */ = {isa = PBXFileReference; lastKnownFileType = sourcecode.swift; path = SceneDelegate.swift; sourceTree = "<group>"; };
		004FCE342401D7FA00A5FA27 /* Base */ = {isa = PBXFileReference; lastKnownFileType = file.storyboard; name = Base; path = Base.lproj/Main.storyboard; sourceTree = "<group>"; };
		004FCE372401D7FA00A5FA27 /* Socials.xcdatamodel */ = {isa = PBXFileReference; lastKnownFileType = wrapper.xcdatamodel; path = Socials.xcdatamodel; sourceTree = "<group>"; };
		004FCE392401D7FC00A5FA27 /* Assets.xcassets */ = {isa = PBXFileReference; lastKnownFileType = folder.assetcatalog; path = Assets.xcassets; sourceTree = "<group>"; };
		004FCE3C2401D7FC00A5FA27 /* Base */ = {isa = PBXFileReference; lastKnownFileType = file.storyboard; name = Base; path = Base.lproj/LaunchScreen.storyboard; sourceTree = "<group>"; };
		004FCE3E2401D7FC00A5FA27 /* Info.plist */ = {isa = PBXFileReference; lastKnownFileType = text.plist.xml; path = Info.plist; sourceTree = "<group>"; };
		00563C6F2409AD650039CE50 /* SignupViewController.swift */ = {isa = PBXFileReference; lastKnownFileType = sourcecode.swift; path = SignupViewController.swift; sourceTree = "<group>"; };
		00563C712409AD720039CE50 /* FeedViewController.swift */ = {isa = PBXFileReference; lastKnownFileType = sourcecode.swift; path = FeedViewController.swift; sourceTree = "<group>"; };
		00563C732409AD7A0039CE50 /* DetailViewController.swift */ = {isa = PBXFileReference; lastKnownFileType = sourcecode.swift; path = DetailViewController.swift; sourceTree = "<group>"; };
		00563C752409AD830039CE50 /* NewSocialViewController.swift */ = {isa = PBXFileReference; lastKnownFileType = sourcecode.swift; path = NewSocialViewController.swift; sourceTree = "<group>"; };
		00563C772409B4490039CE50 /* GoogleService-Info.plist */ = {isa = PBXFileReference; fileEncoding = 4; lastKnownFileType = text.plist.xml; path = "GoogleService-Info.plist"; sourceTree = "<group>"; };
		00563C792409B7D70039CE50 /* LoginViewController.swift */ = {isa = PBXFileReference; fileEncoding = 4; lastKnownFileType = sourcecode.swift; path = LoginViewController.swift; sourceTree = "<group>"; };
		00563C7F2409C5430039CE50 /* FeedCell.swift */ = {isa = PBXFileReference; lastKnownFileType = sourcecode.swift; path = FeedCell.swift; sourceTree = "<group>"; };
		00563C812409C6700039CE50 /* Feed.swift */ = {isa = PBXFileReference; lastKnownFileType = sourcecode.swift; path = Feed.swift; sourceTree = "<group>"; };
		C636F2ACA09504F6E7EBA8AD /* Pods-Socials.debug.xcconfig */ = {isa = PBXFileReference; includeInIndex = 1; lastKnownFileType = text.xcconfig; name = "Pods-Socials.debug.xcconfig"; path = "Target Support Files/Pods-Socials/Pods-Socials.debug.xcconfig"; sourceTree = "<group>"; };
		CC4BF64DC5158CCE4907C526 /* Pods_Socials.framework */ = {isa = PBXFileReference; explicitFileType = wrapper.framework; includeInIndex = 0; path = Pods_Socials.framework; sourceTree = BUILT_PRODUCTS_DIR; };
		CDB6F6BDBD8EAA11A11CBD9A /* Pods-Socials.release.xcconfig */ = {isa = PBXFileReference; includeInIndex = 1; lastKnownFileType = text.xcconfig; name = "Pods-Socials.release.xcconfig"; path = "Target Support Files/Pods-Socials/Pods-Socials.release.xcconfig"; sourceTree = "<group>"; };
/* End PBXFileReference section */

/* Begin PBXFrameworksBuildPhase section */
		004FCE272401D7FA00A5FA27 /* Frameworks */ = {
			isa = PBXFrameworksBuildPhase;
			buildActionMask = 2147483647;
			files = (
				3E592FCEB7B294B2A31E5B02 /* Pods_Socials.framework in Frameworks */,
			);
			runOnlyForDeploymentPostprocessing = 0;
		};
/* End PBXFrameworksBuildPhase section */

/* Begin PBXGroup section */
		004FCE212401D7FA00A5FA27 = {
			isa = PBXGroup;
			children = (
				004FCE2C2401D7FA00A5FA27 /* Socials */,
				004FCE2B2401D7FA00A5FA27 /* Products */,
				F41CE6F4E645E3AF0C4166B2 /* Pods */,
				7A575A327F53EA1FA5B7E6CF /* Frameworks */,
			);
			sourceTree = "<group>";
		};
		004FCE2B2401D7FA00A5FA27 /* Products */ = {
			isa = PBXGroup;
			children = (
				004FCE2A2401D7FA00A5FA27 /* Socials.app */,
			);
			name = Products;
			sourceTree = "<group>";
		};
		004FCE2C2401D7FA00A5FA27 /* Socials */ = {
			isa = PBXGroup;
			children = (
				00563C6C2409ACF70039CE50 /* Model */,
				004FCE2D2401D7FA00A5FA27 /* AppDelegate.swift */,
				004FCE2F2401D7FA00A5FA27 /* SceneDelegate.swift */,
				00563C6D2409AD000039CE50 /* View */,
				00563C6E2409AD040039CE50 /* Controller */,
				004FCE362401D7FA00A5FA27 /* Socials.xcdatamodeld */,
				004FCE392401D7FC00A5FA27 /* Assets.xcassets */,
				004FCE3E2401D7FC00A5FA27 /* Info.plist */,
				00563C772409B4490039CE50 /* GoogleService-Info.plist */,
			);
			path = Socials;
			sourceTree = "<group>";
		};
		00563C6C2409ACF70039CE50 /* Model */ = {
			isa = PBXGroup;
			children = (
				00563C812409C6700039CE50 /* Feed.swift */,
			);
			path = Model;
			sourceTree = "<group>";
		};
		00563C6D2409AD000039CE50 /* View */ = {
			isa = PBXGroup;
			children = (
				004FCE332401D7FA00A5FA27 /* Main.storyboard */,
				004FCE3B2401D7FC00A5FA27 /* LaunchScreen.storyboard */,
			);
			path = View;
			sourceTree = "<group>";
		};
		00563C6E2409AD040039CE50 /* Controller */ = {
			isa = PBXGroup;
			children = (
				00563C792409B7D70039CE50 /* LoginViewController.swift */,
				00563C6F2409AD650039CE50 /* SignupViewController.swift */,
				00563C712409AD720039CE50 /* FeedViewController.swift */,
				00563C732409AD7A0039CE50 /* DetailViewController.swift */,
				00563C752409AD830039CE50 /* NewSocialViewController.swift */,
				00563C7F2409C5430039CE50 /* FeedCell.swift */,
			);
			path = Controller;
			sourceTree = "<group>";
		};
		7A575A327F53EA1FA5B7E6CF /* Frameworks */ = {
			isa = PBXGroup;
			children = (
				CC4BF64DC5158CCE4907C526 /* Pods_Socials.framework */,
			);
			name = Frameworks;
			sourceTree = "<group>";
		};
		F41CE6F4E645E3AF0C4166B2 /* Pods */ = {
			isa = PBXGroup;
			children = (
				C636F2ACA09504F6E7EBA8AD /* Pods-Socials.debug.xcconfig */,
				CDB6F6BDBD8EAA11A11CBD9A /* Pods-Socials.release.xcconfig */,
			);
			path = Pods;
			sourceTree = "<group>";
		};
/* End PBXGroup section */

/* Begin PBXNativeTarget section */
		004FCE292401D7FA00A5FA27 /* Socials */ = {
			isa = PBXNativeTarget;
			buildConfigurationList = 004FCE412401D7FC00A5FA27 /* Build configuration list for PBXNativeTarget "Socials" */;
			buildPhases = (
				31C02F30B9F604B84EF14C9B /* [CP] Check Pods Manifest.lock */,
				004FCE262401D7FA00A5FA27 /* Sources */,
				004FCE272401D7FA00A5FA27 /* Frameworks */,
				004FCE282401D7FA00A5FA27 /* Resources */,
				3FD19412A744D32C2EB08633 /* [CP] Embed Pods Frameworks */,
			);
			buildRules = (
			);
			dependencies = (
			);
			name = Socials;
			productName = Socials;
			productReference = 004FCE2A2401D7FA00A5FA27 /* Socials.app */;
			productType = "com.apple.product-type.application";
		};
/* End PBXNativeTarget section */

/* Begin PBXProject section */
		004FCE222401D7FA00A5FA27 /* Project object */ = {
			isa = PBXProject;
			attributes = {
				LastSwiftUpdateCheck = 1130;
				LastUpgradeCheck = 1130;
				ORGANIZATIONNAME = "Nicholas Wang";
				TargetAttributes = {
					004FCE292401D7FA00A5FA27 = {
						CreatedOnToolsVersion = 11.3.1;
					};
				};
			};
			buildConfigurationList = 004FCE252401D7FA00A5FA27 /* Build configuration list for PBXProject "Socials" */;
			compatibilityVersion = "Xcode 9.3";
			developmentRegion = en;
			hasScannedForEncodings = 0;
			knownRegions = (
				en,
				Base,
			);
			mainGroup = 004FCE212401D7FA00A5FA27;
			productRefGroup = 004FCE2B2401D7FA00A5FA27 /* Products */;
			projectDirPath = "";
			projectRoot = "";
			targets = (
				004FCE292401D7FA00A5FA27 /* Socials */,
			);
		};
/* End PBXProject section */

/* Begin PBXResourcesBuildPhase section */
		004FCE282401D7FA00A5FA27 /* Resources */ = {
			isa = PBXResourcesBuildPhase;
			buildActionMask = 2147483647;
			files = (
				004FCE3D2401D7FC00A5FA27 /* LaunchScreen.storyboard in Resources */,
				00563C782409B4490039CE50 /* GoogleService-Info.plist in Resources */,
				004FCE3A2401D7FC00A5FA27 /* Assets.xcassets in Resources */,
				004FCE352401D7FA00A5FA27 /* Main.storyboard in Resources */,
			);
			runOnlyForDeploymentPostprocessing = 0;
		};
/* End PBXResourcesBuildPhase section */

/* Begin PBXShellScriptBuildPhase section */
		31C02F30B9F604B84EF14C9B /* [CP] Check Pods Manifest.lock */ = {
			isa = PBXShellScriptBuildPhase;
			buildActionMask = 2147483647;
			files = (
			);
			inputFileListPaths = (
			);
			inputPaths = (
				"${PODS_PODFILE_DIR_PATH}/Podfile.lock",
				"${PODS_ROOT}/Manifest.lock",
			);
			name = "[CP] Check Pods Manifest.lock";
			outputFileListPaths = (
			);
			outputPaths = (
				"$(DERIVED_FILE_DIR)/Pods-Socials-checkManifestLockResult.txt",
			);
			runOnlyForDeploymentPostprocessing = 0;
			shellPath = /bin/sh;
			shellScript = "diff \"${PODS_PODFILE_DIR_PATH}/Podfile.lock\" \"${PODS_ROOT}/Manifest.lock\" > /dev/null\nif [ $? != 0 ] ; then\n    # print error to STDERR\n    echo \"error: The sandbox is not in sync with the Podfile.lock. Run 'pod install' or update your CocoaPods installation.\" >&2\n    exit 1\nfi\n# This output is used by Xcode 'outputs' to avoid re-running this script phase.\necho \"SUCCESS\" > \"${SCRIPT_OUTPUT_FILE_0}\"\n";
			showEnvVarsInLog = 0;
		};
		3FD19412A744D32C2EB08633 /* [CP] Embed Pods Frameworks */ = {
			isa = PBXShellScriptBuildPhase;
			buildActionMask = 2147483647;
			files = (
			);
			inputFileListPaths = (
				"${PODS_ROOT}/Target Support Files/Pods-Socials/Pods-Socials-frameworks-${CONFIGURATION}-input-files.xcfilelist",
			);
			name = "[CP] Embed Pods Frameworks";
			outputFileListPaths = (
				"${PODS_ROOT}/Target Support Files/Pods-Socials/Pods-Socials-frameworks-${CONFIGURATION}-output-files.xcfilelist",
			);
			runOnlyForDeploymentPostprocessing = 0;
			shellPath = /bin/sh;
			shellScript = "\"${PODS_ROOT}/Target Support Files/Pods-Socials/Pods-Socials-frameworks.sh\"\n";
			showEnvVarsInLog = 0;
		};
/* End PBXShellScriptBuildPhase section */

/* Begin PBXSourcesBuildPhase section */
		004FCE262401D7FA00A5FA27 /* Sources */ = {
			isa = PBXSourcesBuildPhase;
			buildActionMask = 2147483647;
			files = (
				00563C702409AD650039CE50 /* SignupViewController.swift in Sources */,
				00563C802409C5430039CE50 /* FeedCell.swift in Sources */,
				004FCE2E2401D7FA00A5FA27 /* AppDelegate.swift in Sources */,
				004FCE382401D7FA00A5FA27 /* Socials.xcdatamodeld in Sources */,
				00563C822409C6700039CE50 /* Feed.swift in Sources */,
				00563C762409AD830039CE50 /* NewSocialViewController.swift in Sources */,
				00563C7A2409B7D70039CE50 /* LoginViewController.swift in Sources */,
				004FCE302401D7FA00A5FA27 /* SceneDelegate.swift in Sources */,
				00563C722409AD720039CE50 /* FeedViewController.swift in Sources */,
				00563C742409AD7A0039CE50 /* DetailViewController.swift in Sources */,
			);
			runOnlyForDeploymentPostprocessing = 0;
		};
/* End PBXSourcesBuildPhase section */

/* Begin PBXVariantGroup section */
		004FCE332401D7FA00A5FA27 /* Main.storyboard */ = {
			isa = PBXVariantGroup;
			children = (
				004FCE342401D7FA00A5FA27 /* Base */,
			);
			name = Main.storyboard;
			sourceTree = "<group>";
		};
		004FCE3B2401D7FC00A5FA27 /* LaunchScreen.storyboard */ = {
			isa = PBXVariantGroup;
			children = (
				004FCE3C2401D7FC00A5FA27 /* Base */,
			);
			name = LaunchScreen.storyboard;
			sourceTree = "<group>";
		};
/* End PBXVariantGroup section */

/* Begin XCBuildConfiguration section */
		004FCE3F2401D7FC00A5FA27 /* Debug */ = {
			isa = XCBuildConfiguration;
			buildSettings = {
				ALWAYS_SEARCH_USER_PATHS = NO;
				CLANG_ANALYZER_NONNULL = YES;
				CLANG_ANALYZER_NUMBER_OBJECT_CONVERSION = YES_AGGRESSIVE;
				CLANG_CXX_LANGUAGE_STANDARD = "gnu++14";
				CLANG_CXX_LIBRARY = "libc++";
				CLANG_ENABLE_MODULES = YES;
				CLANG_ENABLE_OBJC_ARC = YES;
				CLANG_ENABLE_OBJC_WEAK = YES;
				CLANG_WARN_BLOCK_CAPTURE_AUTORELEASING = YES;
				CLANG_WARN_BOOL_CONVERSION = YES;
				CLANG_WARN_COMMA = YES;
				CLANG_WARN_CONSTANT_CONVERSION = YES;
				CLANG_WARN_DEPRECATED_OBJC_IMPLEMENTATIONS = YES;
				CLANG_WARN_DIRECT_OBJC_ISA_USAGE = YES_ERROR;
				CLANG_WARN_DOCUMENTATION_COMMENTS = YES;
				CLANG_WARN_EMPTY_BODY = YES;
				CLANG_WARN_ENUM_CONVERSION = YES;
				CLANG_WARN_INFINITE_RECURSION = YES;
				CLANG_WARN_INT_CONVERSION = YES;
				CLANG_WARN_NON_LITERAL_NULL_CONVERSION = YES;
				CLANG_WARN_OBJC_IMPLICIT_RETAIN_SELF = YES;
				CLANG_WARN_OBJC_LITERAL_CONVERSION = YES;
				CLANG_WARN_OBJC_ROOT_CLASS = YES_ERROR;
				CLANG_WARN_RANGE_LOOP_ANALYSIS = YES;
				CLANG_WARN_STRICT_PROTOTYPES = YES;
				CLANG_WARN_SUSPICIOUS_MOVE = YES;
				CLANG_WARN_UNGUARDED_AVAILABILITY = YES_AGGRESSIVE;
				CLANG_WARN_UNREACHABLE_CODE = YES;
				CLANG_WARN__DUPLICATE_METHOD_MATCH = YES;
				COPY_PHASE_STRIP = NO;
				DEBUG_INFORMATION_FORMAT = dwarf;
				ENABLE_STRICT_OBJC_MSGSEND = YES;
				ENABLE_TESTABILITY = YES;
				GCC_C_LANGUAGE_STANDARD = gnu11;
				GCC_DYNAMIC_NO_PIC = NO;
				GCC_NO_COMMON_BLOCKS = YES;
				GCC_OPTIMIZATION_LEVEL = 0;
				GCC_PREPROCESSOR_DEFINITIONS = (
					"DEBUG=1",
					"$(inherited)",
				);
				GCC_WARN_64_TO_32_BIT_CONVERSION = YES;
				GCC_WARN_ABOUT_RETURN_TYPE = YES_ERROR;
				GCC_WARN_UNDECLARED_SELECTOR = YES;
				GCC_WARN_UNINITIALIZED_AUTOS = YES_AGGRESSIVE;
				GCC_WARN_UNUSED_FUNCTION = YES;
				GCC_WARN_UNUSED_VARIABLE = YES;
				IPHONEOS_DEPLOYMENT_TARGET = 13.2;
				MTL_ENABLE_DEBUG_INFO = INCLUDE_SOURCE;
				MTL_FAST_MATH = YES;
				ONLY_ACTIVE_ARCH = YES;
				SDKROOT = iphoneos;
				SWIFT_ACTIVE_COMPILATION_CONDITIONS = DEBUG;
				SWIFT_OPTIMIZATION_LEVEL = "-Onone";
			};
			name = Debug;
		};
		004FCE402401D7FC00A5FA27 /* Release */ = {
			isa = XCBuildConfiguration;
			buildSettings = {
				ALWAYS_SEARCH_USER_PATHS = NO;
				CLANG_ANALYZER_NONNULL = YES;
				CLANG_ANALYZER_NUMBER_OBJECT_CONVERSION = YES_AGGRESSIVE;
				CLANG_CXX_LANGUAGE_STANDARD = "gnu++14";
				CLANG_CXX_LIBRARY = "libc++";
				CLANG_ENABLE_MODULES = YES;
				CLANG_ENABLE_OBJC_ARC = YES;
				CLANG_ENABLE_OBJC_WEAK = YES;
				CLANG_WARN_BLOCK_CAPTURE_AUTORELEASING = YES;
				CLANG_WARN_BOOL_CONVERSION = YES;
				CLANG_WARN_COMMA = YES;
				CLANG_WARN_CONSTANT_CONVERSION = YES;
				CLANG_WARN_DEPRECATED_OBJC_IMPLEMENTATIONS = YES;
				CLANG_WARN_DIRECT_OBJC_ISA_USAGE = YES_ERROR;
				CLANG_WARN_DOCUMENTATION_COMMENTS = YES;
				CLANG_WARN_EMPTY_BODY = YES;
				CLANG_WARN_ENUM_CONVERSION = YES;
				CLANG_WARN_INFINITE_RECURSION = YES;
				CLANG_WARN_INT_CONVERSION = YES;
				CLANG_WARN_NON_LITERAL_NULL_CONVERSION = YES;
				CLANG_WARN_OBJC_IMPLICIT_RETAIN_SELF = YES;
				CLANG_WARN_OBJC_LITERAL_CONVERSION = YES;
				CLANG_WARN_OBJC_ROOT_CLASS = YES_ERROR;
				CLANG_WARN_RANGE_LOOP_ANALYSIS = YES;
				CLANG_WARN_STRICT_PROTOTYPES = YES;
				CLANG_WARN_SUSPICIOUS_MOVE = YES;
				CLANG_WARN_UNGUARDED_AVAILABILITY = YES_AGGRESSIVE;
				CLANG_WARN_UNREACHABLE_CODE = YES;
				CLANG_WARN__DUPLICATE_METHOD_MATCH = YES;
				COPY_PHASE_STRIP = NO;
				DEBUG_INFORMATION_FORMAT = "dwarf-with-dsym";
				ENABLE_NS_ASSERTIONS = NO;
				ENABLE_STRICT_OBJC_MSGSEND = YES;
				GCC_C_LANGUAGE_STANDARD = gnu11;
				GCC_NO_COMMON_BLOCKS = YES;
				GCC_WARN_64_TO_32_BIT_CONVERSION = YES;
				GCC_WARN_ABOUT_RETURN_TYPE = YES_ERROR;
				GCC_WARN_UNDECLARED_SELECTOR = YES;
				GCC_WARN_UNINITIALIZED_AUTOS = YES_AGGRESSIVE;
				GCC_WARN_UNUSED_FUNCTION = YES;
				GCC_WARN_UNUSED_VARIABLE = YES;
				IPHONEOS_DEPLOYMENT_TARGET = 13.2;
				MTL_ENABLE_DEBUG_INFO = NO;
				MTL_FAST_MATH = YES;
				SDKROOT = iphoneos;
				SWIFT_COMPILATION_MODE = wholemodule;
				SWIFT_OPTIMIZATION_LEVEL = "-O";
				VALIDATE_PRODUCT = YES;
			};
			name = Release;
		};
		004FCE422401D7FC00A5FA27 /* Debug */ = {
			isa = XCBuildConfiguration;
			baseConfigurationReference = C636F2ACA09504F6E7EBA8AD /* Pods-Socials.debug.xcconfig */;
			buildSettings = {
				ASSETCATALOG_COMPILER_APPICON_NAME = AppIcon;
				CODE_SIGN_STYLE = Automatic;
				DEVELOPMENT_TEAM = 3G6QJKCKPD;
				INFOPLIST_FILE = Socials/Info.plist;
				LD_RUNPATH_SEARCH_PATHS = (
					"$(inherited)",
					"@executable_path/Frameworks",
				);
				PRODUCT_BUNDLE_IDENTIFIER = "com.Nicholas-Wang.Socials";
				PRODUCT_NAME = "$(TARGET_NAME)";
				SWIFT_VERSION = 5.0;
				TARGETED_DEVICE_FAMILY = "1,2";
			};
			name = Debug;
		};
		004FCE432401D7FC00A5FA27 /* Release */ = {
			isa = XCBuildConfiguration;
			baseConfigurationReference = CDB6F6BDBD8EAA11A11CBD9A /* Pods-Socials.release.xcconfig */;
			buildSettings = {
				ASSETCATALOG_COMPILER_APPICON_NAME = AppIcon;
				CODE_SIGN_STYLE = Automatic;
				DEVELOPMENT_TEAM = 3G6QJKCKPD;
				INFOPLIST_FILE = Socials/Info.plist;
				LD_RUNPATH_SEARCH_PATHS = (
					"$(inherited)",
					"@executable_path/Frameworks",
				);
				PRODUCT_BUNDLE_IDENTIFIER = "com.Nicholas-Wang.Socials";
				PRODUCT_NAME = "$(TARGET_NAME)";
				SWIFT_VERSION = 5.0;
				TARGETED_DEVICE_FAMILY = "1,2";
			};
			name = Release;
		};
/* End XCBuildConfiguration section */

/* Begin XCConfigurationList section */
		004FCE252401D7FA00A5FA27 /* Build configuration list for PBXProject "Socials" */ = {
			isa = XCConfigurationList;
			buildConfigurations = (
				004FCE3F2401D7FC00A5FA27 /* Debug */,
				004FCE402401D7FC00A5FA27 /* Release */,
			);
			defaultConfigurationIsVisible = 0;
			defaultConfigurationName = Release;
		};
		004FCE412401D7FC00A5FA27 /* Build configuration list for PBXNativeTarget "Socials" */ = {
			isa = XCConfigurationList;
			buildConfigurations = (
				004FCE422401D7FC00A5FA27 /* Debug */,
				004FCE432401D7FC00A5FA27 /* Release */,
			);
			defaultConfigurationIsVisible = 0;
			defaultConfigurationName = Release;
		};
/* End XCConfigurationList section */

/* Begin XCVersionGroup section */
		004FCE362401D7FA00A5FA27 /* Socials.xcdatamodeld */ = {
			isa = XCVersionGroup;
			children = (
				004FCE372401D7FA00A5FA27 /* Socials.xcdatamodel */,
			);
			currentVersion = 004FCE372401D7FA00A5FA27 /* Socials.xcdatamodel */;
			path = Socials.xcdatamodeld;
			sourceTree = "<group>";
			versionGroupType = wrapper.xcdatamodel;
		};
/* End XCVersionGroup section */
	};
	rootObject = 004FCE222401D7FA00A5FA27 /* Project object */;
}
